
Microsoft Visual Studio Solution File, Format Version 12.00
# Visual Studio Version 17
VisualStudioVersion = 17.13.35825.156 d17.13
MinimumVisualStudioVersion = 10.0.40219.1
Project("{FAE04EC0-301F-11D3-BF4B-00C04F79EFBC}") = "Silaf Hospital", "Silaf Hospital\Silaf Hospital.csproj", "{49FCA559-3FCF-4CEB-91AB-4473854AEEB2}"
EndProject
Global
	GlobalSection(SolutionConfigurationPlatforms) = preSolution
		Debug|Any CPU = Debug|Any CPU
		Release|Any CPU = Release|Any CPU
	EndGlobalSection
	GlobalSection(ProjectConfigurationPlatforms) = postSolution
		{49FCA559-3FCF-4CEB-91AB-4473854AEEB2}.Debug|Any CPU.ActiveCfg = Debug|Any CPU
		{49FCA559-3FCF-4CEB-91AB-4473854AEEB2}.Debug|Any CPU.Build.0 = Debug|Any CPU
		{49FCA559-3FCF-4CEB-91AB-4473854AEEB2}.Release|Any CPU.ActiveCfg = Release|Any CPU
		{49FCA559-3FCF-4CEB-91AB-4473854AEEB2}.Release|Any CPU.Build.0 = Release|Any CPU
	EndGlobalSection
	GlobalSection(SolutionProperties) = preSolution
		HideSolutionNode = FALSE
	EndGlobalSection
	GlobalSection(ExtensibilityGlobals) = postSolution
		SolutionGuid = {69461C48-28F2-4871-AB3E-35E044C77A81}
	EndGlobalSection
EndGlobal
